
Microsoft Visual Studio Solution File, Format Version 12.00
# Visual Studio Version 17
VisualStudioVersion = 17.5.33530.505
MinimumVisualStudioVersion = 10.0.40219.1
Project("{FAE04EC0-301F-11D3-BF4B-00C04F79EFBC}") = "FollaAccessories1", "FollaAccessories1.csproj", "{C0FCE5FB-1E04-49E9-929A-B4A37EB62913}"
EndProject
Global
	GlobalSection(SolutionConfigurationPlatforms) = preSolution
		Debug|Any CPU = Debug|Any CPU
		Release|Any CPU = Release|Any CPU
	EndGlobalSection
	GlobalSection(ProjectConfigurationPlatforms) = postSolution
		{C0FCE5FB-1E04-49E9-929A-B4A37EB62913}.Debug|Any CPU.ActiveCfg = Debug|Any CPU
		{C0FCE5FB-1E04-49E9-929A-B4A37EB62913}.Debug|Any CPU.Build.0 = Debug|Any CPU
		{C0FCE5FB-1E04-49E9-929A-B4A37EB62913}.Release|Any CPU.ActiveCfg = Release|Any CPU
		{C0FCE5FB-1E04-49E9-929A-B4A37EB62913}.Release|Any CPU.Build.0 = Release|Any CPU
	EndGlobalSection
	GlobalSection(SolutionProperties) = preSolution
		HideSolutionNode = FALSE
	EndGlobalSection
	GlobalSection(ExtensibilityGlobals) = postSolution
		SolutionGuid = {F70D8772-F98B-4A28-BBDF-C998E798485A}
	EndGlobalSection
EndGlobal
